{
  "version": "v1",
  "packages": {
    "ui-lab-components": {
      "signature": "1349a78393506c1240d191032ee4308e",
      "file": true,
      "replaced": "^0.1.3"
    },
    "ui-lab-registry": {
      "signature": "d3db69fcb1e04b732f3a369e358114a2",
      "file": true,
      "replaced": "^0.1.4"
    }
  }
}